{
  "version": "2",
  "remote": {
    "https://deno.land/std@0.128.0/fmt/colors.ts": "4575bb20edc666d3ae75fa9fac75f20e4cd423b280008094b05e423cc85047bb",
    "https://deno.land/std@0.152.0/fmt/colors.ts": "6f9340b7fb8cc25a993a99e5efc56fe81bb5af284ff412129dd06df06f53c0b4",
    "https://deno.land/std@0.152.0/testing/_diff.ts": "029a00560b0d534bc0046f1bce4bd36b3b41ada3f2a3178c85686eb2ff5f1413",
    "https://deno.land/std@0.152.0/testing/_format.ts": "0d8dc79eab15b67cdc532826213bbe05bccfd276ca473a50a3fc7bbfb7260642",
    "https://deno.land/std@0.152.0/testing/asserts.ts": "093735c88f52bbead7f60a1f7a97a2ce4df3c2d5fab00a46956f20b4a5793ccd",
    "https://deno.land/std@0.187.0/fmt/colors.ts": "d67e3cd9f472535241a8e410d33423980bec45047e343577554d3356e1f0ef4e",
    "https://deno.land/std@0.187.0/testing/_diff.ts": "1a3c044aedf77647d6cac86b798c6417603361b66b54c53331b312caeb447aea",
    "https://deno.land/std@0.187.0/testing/_format.ts": "a69126e8a469009adf4cf2a50af889aca364c349797e63174884a52ff75cf4c7",
    "https://deno.land/std@0.187.0/testing/asserts.ts": "e16d98b4d73ffc4ed498d717307a12500ae4f2cbe668f1a215632d19fcffc22f",
    "https://deno.land/x/evt@v2.3.1/lib/Ctx.ts": "e144f793be50f553465619359267ea08f88982251e816ae57ed1545617f565dd",
    "https://deno.land/x/evt@v2.3.1/lib/Evt.asNonPostable.ts": "0c518f68e873a7912a2c3225f5427cb64085dae6b1a9ad0aa8f677232fd93b98",
    "https://deno.land/x/evt@v2.3.1/lib/Evt.asPostable.ts": "f6e12683d3ab7572fc6d6b62822df4f73a33f206b515486bb14fb93a790fd266",
    "https://deno.land/x/evt@v2.3.1/lib/Evt.asyncPipe.ts": "9e817e60d3583f27aba0951bfe2a816122f237e885912b3d5a7d65d68b618313",
    "https://deno.land/x/evt@v2.3.1/lib/Evt.create.ts": "8789cf94d143f208ea7b26071e37b862b435b422da2e28a697732a8260998c2c",
    "https://deno.land/x/evt@v2.3.1/lib/Evt.factorize.ts": "ed4173ea2b41e187700cd4dbd3e040763a170dfa0530cb6200b5723120b0c7ec",
    "https://deno.land/x/evt@v2.3.1/lib/Evt.from.ts": "9f0e7f41c34396923f60ed73446b309dc7385813ded03c65a19eb45d6d2f26ff",
    "https://deno.land/x/evt@v2.3.1/lib/Evt.getCtx.ts": "bd348a90707eaf277c365c031a25922bd3f3eab9cfc2ff68d192aac4251cb5ca",
    "https://deno.land/x/evt@v2.3.1/lib/Evt.loosenType.ts": "7b5223c86b4661aefa019e3db1cecf2e859a1376c2c243d2fe6c0a797daa962c",
    "https://deno.land/x/evt@v2.3.1/lib/Evt.merge.ts": "0bab6663ea756e929a9f5b7bf1c5c957da00d5b2355f8355b1276c3016654edf",
    "https://deno.land/x/evt@v2.3.1/lib/Evt.newCtx.ts": "bd44ec7e092915b7b32a1e5d8491c0894749624a2b17e1d41c0af39de73abb90",
    "https://deno.land/x/evt@v2.3.1/lib/Evt.parsePropsFromArgs.ts": "4c6232f18ba7abb2059501e86da707f687d71c43e91b551191f2b698eec4a1eb",
    "https://deno.land/x/evt@v2.3.1/lib/Evt.ts": "9af110b0bfc1f97b1eac823211249915fdd94dc44d0bad3fe2878cd4859c238d",
    "https://deno.land/x/evt@v2.3.1/lib/LazyEvt.ts": "94ce4c95bf61c878b720d1178fd9abe1fe825f189d7f38e1c3a36afbc14c5dfd",
    "https://deno.land/x/evt@v2.3.1/lib/LazyStatefulEvt.ts": "85fdf71b4142a00d640d19b2b268ce9749c3b0635a5c98439769de9817a61483",
    "https://deno.land/x/evt@v2.3.1/lib/StatefulEvt.ts": "9a53c606939f23c496f0a360df56502fef267600afe0399a66aebeca5702eb3d",
    "https://deno.land/x/evt@v2.3.1/lib/importProxy.ts": "7b252cd136ab26da2661ea6525ec15612b5894c6f141456246ee6da3b42f4361",
    "https://deno.land/x/evt@v2.3.1/lib/index.ts": "a471b0902a5be7f5c17dfcb06b7affe025c1793dff1c53d509664d83dab5d8ec",
    "https://deno.land/x/evt@v2.3.1/lib/types/AsyncIterableEvt.ts": "5fd9a5465340547d8e4e40322675a85fbf0c1661d3ea85cc0bd57e2344c0d988",
    "https://deno.land/x/evt@v2.3.1/lib/types/EventTargetLike.ts": "ad71a00f2369d4d4a4db6a78b5ddf7658e3090c3b0283595a7fbc7a2a5c96b7d",
    "https://deno.land/x/evt@v2.3.1/lib/types/EvtError.ts": "719ccce37e3b6cf2f79b6d0017e4ecb325ee4ba614d1cc2f6807d48ac7046784",
    "https://deno.land/x/evt@v2.3.1/lib/types/Handler.ts": "1a83da88f68e5239db7cf90489d9e061912a88c2b80f7dfe98526f27a8dc4727",
    "https://deno.land/x/evt@v2.3.1/lib/types/Observer.ts": "f0f2c4498bd49558d4f5df981ee4ae2aada687de5cd150e39b06798bf3d23ac0",
    "https://deno.land/x/evt@v2.3.1/lib/types/Operator.ts": "48de9fb581d798378bbfee58f3f43d461c79e4c4c015f72bb885627f1cf7fe65",
    "https://deno.land/x/evt@v2.3.1/lib/types/helper/EvtLikeToEvt.ts": "8374ddc8aaefca4e4fbdcb5e76a60552add5940ab7f2fc3eb58061a6b160c190",
    "https://deno.land/x/evt@v2.3.1/lib/types/helper/FactorizeEvt.ts": "cc2a2210a71e5a2d5fc66be1dccdaead2265bb46d5d82544b743e1c6f54c4018",
    "https://deno.land/x/evt@v2.3.1/lib/types/helper/SwapEvtType.ts": "c944d32056391c7dfdb8cbdc4f7406ffab3f0430282abc4961534aca36eb040d",
    "https://deno.land/x/evt@v2.3.1/lib/types/helper/ToNonPostableEvt.ts": "886aa16d9e22e44a9c59ae474e09e17523708f8800337cf8f6777e8697ad760e",
    "https://deno.land/x/evt@v2.3.1/lib/types/helper/ToPostableEvt.ts": "9bfb4c08fa7cc024026db3a7c1baf85c3a73292ecca615c488d6e420ba8b1237",
    "https://deno.land/x/evt@v2.3.1/lib/types/helper/UnpackCtx.ts": "efbd11b73b67c13bb337eba15660c4ac3674fb929083782b9716839bb030793a",
    "https://deno.land/x/evt@v2.3.1/lib/types/helper/UnpackEvt.ts": "94e2247280afb165f342e55671ab04409e107aab5d5707b0def711f1e980fecf",
    "https://deno.land/x/evt@v2.3.1/lib/types/helper/index.ts": "76077c41f85641c0a92c6107a2d62e55591401a44df985f3aa9000b80ed5f5f9",
    "https://deno.land/x/evt@v2.3.1/lib/types/index.ts": "08cdb0a44ba5484b12d041d67271f0350dd9a6c3bd843843b2bc62399f48f28d",
    "https://deno.land/x/evt@v2.3.1/lib/types/interfaces/Ctx.ts": "74ebb5d3bb0bc1b934c427e3c57ab124bc0c46f89d683f9925125dff82f5e1b7",
    "https://deno.land/x/evt@v2.3.1/lib/types/interfaces/CtxLike.ts": "73b8709ea358c56eb6a8fb09c22a9c85dfd4e90094fc6cf01278e2e4a378b5a4",
    "https://deno.land/x/evt@v2.3.1/lib/types/interfaces/Evt.ts": "884f7924179974a4e5e1f1978c043fdb2104bf651c07f3be5a049f864406d50c",
    "https://deno.land/x/evt@v2.3.1/lib/types/interfaces/EvtLike.ts": "cf294021dc16aee68637284d76fc33d3ce6428504c9489f91cba840b03e7f2e5",
    "https://deno.land/x/evt@v2.3.1/lib/types/interfaces/NonPostableEvt.ts": "4326c2e2883460ac111c90fa5b5803e0f1e1ae7e17ab99508d26b6db18a94bab",
    "https://deno.land/x/evt@v2.3.1/lib/types/interfaces/NonPostableEvtLike.ts": "ff32ade244c2e560a3b134ba0511f171ac0ae696ef7cedafa7c858563b559dd6",
    "https://deno.land/x/evt@v2.3.1/lib/types/interfaces/Postable.ts": "e66e7b8ed2124a49f0f25be9f8ea06e0777cc8425a425a75c8e1993dc30c147f",
    "https://deno.land/x/evt@v2.3.1/lib/types/interfaces/StatefulEvt.ts": "384499cf2d141f865f26e52d21c01268218dd2ffd97f99d21c565545abab56df",
    "https://deno.land/x/evt@v2.3.1/lib/types/interfaces/StatefulEvtLike.ts": "9f985cbf4ab3629fbee5f6abbf81b8366c9949b34d73147af2b61467995f704f",
    "https://deno.land/x/evt@v2.3.1/lib/types/interfaces/StatefulPostable.ts": "3e9d0ba438cd247c27fee88c4dcaad0deff42b753c9d0aeb78cb704a9f2e9fa7",
    "https://deno.land/x/evt@v2.3.1/lib/types/interfaces/StatefulReadonlyEvt.ts": "fb09392dcafbc9027310db3b8f0314d1d8cc906549caf50dcd8657bea06aba96",
    "https://deno.land/x/evt@v2.3.1/lib/types/interfaces/StatefulReadonlyEvtLike.ts": "2a80d93f2c866720a2b65641d6905b6700097ac67998c5a680167f91f425aeee",
    "https://deno.land/x/evt@v2.3.1/lib/types/interfaces/index.ts": "d980826b51d368d4ef639e377944c8d9836c14836d52ce3ff0d4c0b712fb4c93",
    "https://deno.land/x/evt@v2.3.1/lib/types/lib.dom.ts": "2b65508fc6e3f7cae953d94652c240ef6eb3569f7f82ff879a853ea91fa56c99",
    "https://deno.land/x/evt@v2.3.1/lib/util/compose.ts": "7645218c4e7fb4e0570073f76ed9bb60b59c711f6602da13da92ee9be4121902",
    "https://deno.land/x/evt@v2.3.1/lib/util/convertOperatorToStatelessFLambda.ts": "6613d1a68fe1cdda78cf2f2f33fbc5acfa6ac17b936fd9f9249ca4db3e429368",
    "https://deno.land/x/evt@v2.3.1/lib/util/genericOperators/distinct.ts": "07b5f8c9275a58dd9339618c11c2e91223a5d33ecbf7f54763eef5cfcde97121",
    "https://deno.land/x/evt@v2.3.1/lib/util/genericOperators/index.ts": "9cab9a215bd3007b137fadad37fab62860e23e533d10312c9a17904a5fa055af",
    "https://deno.land/x/evt@v2.3.1/lib/util/genericOperators/nonNullable.ts": "c1d3dea4494c5b4bae37b83d1feea328b9c55dddbe21dbf08f0c66702a617e91",
    "https://deno.land/x/evt@v2.3.1/lib/util/genericOperators/throttleTime.ts": "742c8bde694db3032335c21d9152a86c4fcbaad7e0052e2c6752c599ebad8bfd",
    "https://deno.land/x/evt@v2.3.1/lib/util/genericOperators/to.ts": "465a525187031f70e655101952776f4926d8e35d1ad6503ee1bc49a4a6c8e647",
    "https://deno.land/x/evt@v2.3.1/lib/util/index.ts": "c4d914d5b1caf9847ea858bf3fa9ee1320cc382765b922fd03ab4c3d2b6dca26",
    "https://deno.land/x/evt@v2.3.1/mod.ts": "ad2c53a9eb0535824d04d121b66ae8e97650885cdb8833ccf5670f1c8f742f03",
    "https://deno.land/x/evt@v2.3.1/tools/Deferred.ts": "4428c43d644bdb2a864d7335dce3d4ab5815d8a73785764b29cdc4da5d40f723",
    "https://deno.land/x/evt@v2.3.1/tools/safeSetTimeout.ts": "6e8fae967d49fbe2786acd10c5ab5cc0acc3305febd89445ce9f70e674038a40",
    "https://deno.land/x/line@v1.0.1/deps.ts": "fbc785b0a4ae203ac791b97243b161e973ea9ae82a7fc6503c4513f557fb462a",
    "https://deno.land/x/line@v1.0.1/mod.ts": "24128b8aca3a39f1b9486a81344b47b025b9e44acebe79877b43bb318ff0f7bf",
    "https://deno.land/x/line@v1.0.1/src/arg_parser.ts": "66e469e7daebd43b8ce7d987f840cce4bb673eacfcf1e8e8413f978158decc1b",
    "https://deno.land/x/line@v1.0.1/src/cli.ts": "c26a139f3456be40320dcb1249562078e1704f0aea971ec8a2b48e005d21213e",
    "https://deno.land/x/line@v1.0.1/src/command.ts": "0ad97c6f4a2f72d8b8838d91fe3cbf44da2de234da930ec578fffaac33211b16",
    "https://deno.land/x/line@v1.0.1/src/interfaces.ts": "201f954737ceaf4776d79cdc9a41bc10d22f5f415928a341a039e1c9e5354696",
    "https://deno.land/x/line@v1.0.1/src/main_command.ts": "1113502b15d7ce4e102987f1e442adc3e96f8c894993d1e28c3206beda74f29e",
    "https://deno.land/x/line@v1.0.1/src/subcommand.ts": "295937b65eedc4f3c69dc998772fff8e323faf9640a70bfc7151f11551c224aa",
    "https://deno.land/x/line@v1.0.1/src/types.ts": "79402f84ac488c654ee318fcaeec5c5c5a72b5a39ec8fc28acb266477a12a32a",
    "https://raw.githubusercontent.com/amethyst-studio/amethyst-std/3b6e91653a654493573fd2eae5279e5013f0728a/deps.ts": "c41c5aa85c6f582efcef618274f040425430e92eab5d9c0b7c6c5bf7095c1688",
    "https://raw.githubusercontent.com/amethyst-studio/amethyst-std/3b6e91653a654493573fd2eae5279e5013f0728a/lib/logger/interfaces.ts": "7fc8c3677797cd83bfd11529b3af57259d67beee868c75881ba3c591f07b92d3",
    "https://raw.githubusercontent.com/amethyst-studio/amethyst-std/3b6e91653a654493573fd2eae5279e5013f0728a/lib/logger/logger.ts": "6aa3ef13593d4978827e5d470c3da6d2690ef256daf05526bb8a68232cfb3528",
    "https://raw.githubusercontent.com/garronej/minimal_polyfills/v2.2.1/deno_dist/Array.prototype.find.ts": "54a1866655066ecb8604efb60c85fe0d77d19783eefe3f9da9aa7b378d1a48b3",
    "https://raw.githubusercontent.com/garronej/minimal_polyfills/v2.2.1/deno_dist/Map.ts": "23e7bae86df110ad8a68097750530f288c5117fe4c4b30e645b449d20fe156a5",
    "https://raw.githubusercontent.com/garronej/minimal_polyfills/v2.2.1/deno_dist/Object.is.ts": "2ee475125e2a79cbcd09a6743dda5809e23a8f75aee5472c02959aaf4a447254",
    "https://raw.githubusercontent.com/garronej/minimal_polyfills/v2.2.1/deno_dist/Set.ts": "3e1160a043d4d473fdc8e9533f9d4163423a3f8eb018ae3cd5cc15daf4976bdf",
    "https://raw.githubusercontent.com/garronej/minimal_polyfills/v2.2.1/deno_dist/WeakMap.ts": "3b0cb6ab1348897b5e107e932f53213e1459e9759db0c5eea5d01eb9bd3e0ddb",
    "https://raw.githubusercontent.com/garronej/run_exclusive/v2.2.16/deno_dist/lib/runExclusive.ts": "645337346cf8e0d31e3b2fd55ed13465d2898c74632be7e5e5dc7e9480b2db46",
    "https://raw.githubusercontent.com/garronej/run_exclusive/v2.2.16/deno_dist/mod.ts": "7d124c8d09f74c46a56b7397c2ca3731a1cc9c5dc45469b8522badf17eb523e1",
    "https://raw.githubusercontent.com/garronej/tsafe/v0.10.1/deno_dist/assert.ts": "01e290bea472f363d380bdb172b115ee7a31c103d72548e150d2a35b04276fe2",
    "https://raw.githubusercontent.com/garronej/tsafe/v0.10.1/deno_dist/id.ts": "cb2b74bfed19553b90e37af353c58c53ee113af1406c580ab0b7a4b44aa9b022",
    "https://raw.githubusercontent.com/garronej/tsafe/v0.10.1/deno_dist/is.ts": "3f929f3bfaef98835ea02dc66a8d6a77e2784dc9d3d85e76902b6f19ea531ba6",
    "https://raw.githubusercontent.com/garronej/tsafe/v0.10.1/deno_dist/isPromiseLike.ts": "e190c6b9806e815d3a096c9af16028a848edd13b70b6e3d9e44ce2507089f17a",
    "https://raw.githubusercontent.com/garronej/tsafe/v0.10.1/deno_dist/lab/PromiseOrNot.ts": "ab46309b639fb01d162488e25afc36bf4a8da3ab37f09a6dc70c733a5b9829ba",
    "https://raw.githubusercontent.com/garronej/tsafe/v0.10.1/deno_dist/lab/overwriteReadonlyProp.ts": "05a84a536fe32b94c68f6e0a917d68b75698a8b386cd0f2f1d44df0ac09463b2",
    "https://raw.githubusercontent.com/garronej/tsafe/v0.10.1/deno_dist/typeGuard.ts": "8012ea9591da5ff83fa43d1a42c9911736b0f841726bc88a07deb53ae717f41b",
    "https://raw.githubusercontent.com/garronej/tsafe/v0.10.1/deno_dist/zz_internal/assertIsRefWrapper.ts": "1c16beff4730820044f9d18dfd7c703ec626e0b751b75d884a344a12287c85f3"
  }
}
